// !$*UTF8*$!
{
	archiveVersion = 1;
	classes = {
	};
	objectVersion = 56;
	objects = {

/* Begin PBXBuildFile section */
		0404E2162AE59C240013CF1F /* FitnessTrackerApp.swift in Sources */ = {isa = PBXBuildFile; fileRef = 0404E2152AE59C240013CF1F /* FitnessTrackerApp.swift */; };
		0404E21C2AE59C250013CF1F /* Assets.xcassets in Resources */ = {isa = PBXBuildFile; fileRef = 0404E21B2AE59C250013CF1F /* Assets.xcassets */; };
		0404E2202AE59C250013CF1F /* Preview Assets.xcassets in Resources */ = {isa = PBXBuildFile; fileRef = 0404E21F2AE59C250013CF1F /* Preview Assets.xcassets */; };
		0404E2342AE59C250013CF1F /* FitnessTrackerUITests.swift in Sources */ = {isa = PBXBuildFile; fileRef = 0404E2332AE59C250013CF1F /* FitnessTrackerUITests.swift */; };
		0404E2362AE59C250013CF1F /* FitnessTrackerUITestsLaunchTests.swift in Sources */ = {isa = PBXBuildFile; fileRef = 0404E2352AE59C250013CF1F /* FitnessTrackerUITestsLaunchTests.swift */; };
		0424CECB2B22591D00B9B03B /* WelcomeView.swift in Sources */ = {isa = PBXBuildFile; fileRef = 0424CECA2B22591D00B9B03B /* WelcomeView.swift */; };
		0424CECD2B2259A600B9B03B /* WelcomeViewModel.swift in Sources */ = {isa = PBXBuildFile; fileRef = 0424CECC2B2259A600B9B03B /* WelcomeViewModel.swift */; };
		046B1F792AF024A900F15EAB /* DiaryEntry.swift in Sources */ = {isa = PBXBuildFile; fileRef = 046B1F782AF024A900F15EAB /* DiaryEntry.swift */; };
		046B1F7B2AF025ED00F15EAB /* FoodItem.swift in Sources */ = {isa = PBXBuildFile; fileRef = 046B1F7A2AF025ED00F15EAB /* FoodItem.swift */; };
		046B1F7E2AF026D800F15EAB /* DairyFetching.swift in Sources */ = {isa = PBXBuildFile; fileRef = 046B1F7D2AF026D800F15EAB /* DairyFetching.swift */; };
		046B1F812AF0330300F15EAB /* Meal.swift in Sources */ = {isa = PBXBuildFile; fileRef = 046B1F802AF0330300F15EAB /* Meal.swift */; };
		0474A66D2AE5B10A0036FC9E /* AccountView.swift in Sources */ = {isa = PBXBuildFile; fileRef = 0474A66C2AE5B10A0036FC9E /* AccountView.swift */; };
		0474A66F2AE5B1130036FC9E /* AccountViewModel.swift in Sources */ = {isa = PBXBuildFile; fileRef = 0474A66E2AE5B1130036FC9E /* AccountViewModel.swift */; };
		0474A6712AE5B1240036FC9E /* DiaryView.swift in Sources */ = {isa = PBXBuildFile; fileRef = 0474A6702AE5B1240036FC9E /* DiaryView.swift */; };
		0474A6732AE5B1300036FC9E /* DiaryViewModel.swift in Sources */ = {isa = PBXBuildFile; fileRef = 0474A6722AE5B1300036FC9E /* DiaryViewModel.swift */; };
		0474A6752AE5B13D0036FC9E /* ExerciseView.swift in Sources */ = {isa = PBXBuildFile; fileRef = 0474A6742AE5B13D0036FC9E /* ExerciseView.swift */; };
		0474A6772AE5B14C0036FC9E /* ExerciseViewModel.swift in Sources */ = {isa = PBXBuildFile; fileRef = 0474A6762AE5B14C0036FC9E /* ExerciseViewModel.swift */; };
		0474A6792AE5B1550036FC9E /* WeightView.swift in Sources */ = {isa = PBXBuildFile; fileRef = 0474A6782AE5B1550036FC9E /* WeightView.swift */; };
		0474A67B2AE5B1620036FC9E /* WeightViewModel.swift in Sources */ = {isa = PBXBuildFile; fileRef = 0474A67A2AE5B1620036FC9E /* WeightViewModel.swift */; };
		049CD88A2AE5BB9300812BAE /* SummaryView.swift in Sources */ = {isa = PBXBuildFile; fileRef = 049CD8892AE5BB9300812BAE /* SummaryView.swift */; };
		049CD88C2AE5BBB700812BAE /* SummaryViewModel.swift in Sources */ = {isa = PBXBuildFile; fileRef = 049CD88B2AE5BBB700812BAE /* SummaryViewModel.swift */; };
		049CD88E2AE5BBEE00812BAE /* DatePickerView.swift in Sources */ = {isa = PBXBuildFile; fileRef = 049CD88D2AE5BBEE00812BAE /* DatePickerView.swift */; };
		049CD8902AE5BC1400812BAE /* DatePickerViewModel.swift in Sources */ = {isa = PBXBuildFile; fileRef = 049CD88F2AE5BC1400812BAE /* DatePickerViewModel.swift */; };
		049CD8922AE5BC3A00812BAE /* MealsView.swift in Sources */ = {isa = PBXBuildFile; fileRef = 049CD8912AE5BC3A00812BAE /* MealsView.swift */; };
		049CD8942AE5BC5600812BAE /* MealsViewModel.swift in Sources */ = {isa = PBXBuildFile; fileRef = 049CD8932AE5BC5600812BAE /* MealsViewModel.swift */; };
		049CD8962AE5BC7900812BAE /* WaterView.swift in Sources */ = {isa = PBXBuildFile; fileRef = 049CD8952AE5BC7900812BAE /* WaterView.swift */; };
		049CD8982AE5BC8200812BAE /* WaterViewModel.swift in Sources */ = {isa = PBXBuildFile; fileRef = 049CD8972AE5BC8200812BAE /* WaterViewModel.swift */; };
		04BCDFC52AF96AE400346AD6 /* CircularProgressView.swift in Sources */ = {isa = PBXBuildFile; fileRef = 04BCDFC42AF96AE400346AD6 /* CircularProgressView.swift */; };
		04BCDFCC2B08140400346AD6 /* MealItemView.swift in Sources */ = {isa = PBXBuildFile; fileRef = 04BCDFCB2B08140400346AD6 /* MealItemView.swift */; };
		04BCDFCE2B08140F00346AD6 /* MealItemViewModel.swift in Sources */ = {isa = PBXBuildFile; fileRef = 04BCDFCD2B08140F00346AD6 /* MealItemViewModel.swift */; };
		04BCDFD02B082A0700346AD6 /* CardView.swift in Sources */ = {isa = PBXBuildFile; fileRef = 04BCDFCF2B082A0700346AD6 /* CardView.swift */; };
		04BCDFD32B0BE25D00346AD6 /* OnboardingView.swift in Sources */ = {isa = PBXBuildFile; fileRef = 04BCDFD22B0BE25D00346AD6 /* OnboardingView.swift */; };
		04BCDFD52B0BE26800346AD6 /* OnboardingViewModel.swift in Sources */ = {isa = PBXBuildFile; fileRef = 04BCDFD42B0BE26800346AD6 /* OnboardingViewModel.swift */; };
		04BCDFDA2B0BECD300346AD6 /* AppConfigurationManager.swift in Sources */ = {isa = PBXBuildFile; fileRef = 04BCDFD92B0BECD300346AD6 /* AppConfigurationManager.swift */; };
		04BCDFDE2B0BED4C00346AD6 /* AppConfigurationManagerTests.swift in Sources */ = {isa = PBXBuildFile; fileRef = 04BCDFDD2B0BED4C00346AD6 /* AppConfigurationManagerTests.swift */; };
		04BCDFE02B0BED8D00346AD6 /* MockUserDefaults.swift in Sources */ = {isa = PBXBuildFile; fileRef = 04BCDFDF2B0BED8D00346AD6 /* MockUserDefaults.swift */; };
		04BCDFE22B0BF2CA00346AD6 /* DependencyContainer.swift in Sources */ = {isa = PBXBuildFile; fileRef = 04BCDFE12B0BF2CA00346AD6 /* DependencyContainer.swift */; };
		04BCDFE42B0BF48000346AD6 /* DependencyContainer.swift in Sources */ = {isa = PBXBuildFile; fileRef = 04BCDFE32B0BF48000346AD6 /* DependencyContainer.swift */; };
		04BCDFE62B0C344600346AD6 /* PeristanceManager.swift in Sources */ = {isa = PBXBuildFile; fileRef = 04BCDFE52B0C344600346AD6 /* PeristanceManager.swift */; };
		04BCDFE92B0D6A0100346AD6 /* AppTabView.swift in Sources */ = {isa = PBXBuildFile; fileRef = 04BCDFE82B0D6A0100346AD6 /* AppTabView.swift */; };
/* End PBXBuildFile section */

/* Begin PBXContainerItemProxy section */
		0404E2262AE59C250013CF1F /* PBXContainerItemProxy */ = {
			isa = PBXContainerItemProxy;
			containerPortal = 0404E20A2AE59C240013CF1F /* Project object */;
			proxyType = 1;
			remoteGlobalIDString = 0404E2112AE59C240013CF1F;
			remoteInfo = FitnessTracker;
		};
		0404E2302AE59C250013CF1F /* PBXContainerItemProxy */ = {
			isa = PBXContainerItemProxy;
			containerPortal = 0404E20A2AE59C240013CF1F /* Project object */;
			proxyType = 1;
			remoteGlobalIDString = 0404E2112AE59C240013CF1F;
			remoteInfo = FitnessTracker;
		};
/* End PBXContainerItemProxy section */

/* Begin PBXFileReference section */
		0404E2122AE59C240013CF1F /* FitnessTracker.app */ = {isa = PBXFileReference; explicitFileType = wrapper.application; includeInIndex = 0; path = FitnessTracker.app; sourceTree = BUILT_PRODUCTS_DIR; };
		0404E2152AE59C240013CF1F /* FitnessTrackerApp.swift */ = {isa = PBXFileReference; lastKnownFileType = sourcecode.swift; path = FitnessTrackerApp.swift; sourceTree = "<group>"; };
		0404E21B2AE59C250013CF1F /* Assets.xcassets */ = {isa = PBXFileReference; lastKnownFileType = folder.assetcatalog; path = Assets.xcassets; sourceTree = "<group>"; };
		0404E21D2AE59C250013CF1F /* FitnessTracker.entitlements */ = {isa = PBXFileReference; lastKnownFileType = text.plist.entitlements; path = FitnessTracker.entitlements; sourceTree = "<group>"; };
		0404E21F2AE59C250013CF1F /* Preview Assets.xcassets */ = {isa = PBXFileReference; lastKnownFileType = folder.assetcatalog; path = "Preview Assets.xcassets"; sourceTree = "<group>"; };
		0404E2252AE59C250013CF1F /* FitnessTrackerTests.xctest */ = {isa = PBXFileReference; explicitFileType = wrapper.cfbundle; includeInIndex = 0; path = FitnessTrackerTests.xctest; sourceTree = BUILT_PRODUCTS_DIR; };
		0404E22F2AE59C250013CF1F /* FitnessTrackerUITests.xctest */ = {isa = PBXFileReference; explicitFileType = wrapper.cfbundle; includeInIndex = 0; path = FitnessTrackerUITests.xctest; sourceTree = BUILT_PRODUCTS_DIR; };
		0404E2332AE59C250013CF1F /* FitnessTrackerUITests.swift */ = {isa = PBXFileReference; lastKnownFileType = sourcecode.swift; path = FitnessTrackerUITests.swift; sourceTree = "<group>"; };
		0404E2352AE59C250013CF1F /* FitnessTrackerUITestsLaunchTests.swift */ = {isa = PBXFileReference; lastKnownFileType = sourcecode.swift; path = FitnessTrackerUITestsLaunchTests.swift; sourceTree = "<group>"; };
		0424CECA2B22591D00B9B03B /* WelcomeView.swift */ = {isa = PBXFileReference; lastKnownFileType = sourcecode.swift; path = WelcomeView.swift; sourceTree = "<group>"; };
		0424CECC2B2259A600B9B03B /* WelcomeViewModel.swift */ = {isa = PBXFileReference; lastKnownFileType = sourcecode.swift; path = WelcomeViewModel.swift; sourceTree = "<group>"; };
		046B1F782AF024A900F15EAB /* DiaryEntry.swift */ = {isa = PBXFileReference; lastKnownFileType = sourcecode.swift; path = DiaryEntry.swift; sourceTree = "<group>"; };
		046B1F7A2AF025ED00F15EAB /* FoodItem.swift */ = {isa = PBXFileReference; lastKnownFileType = sourcecode.swift; path = FoodItem.swift; sourceTree = "<group>"; };
		046B1F7D2AF026D800F15EAB /* DairyFetching.swift */ = {isa = PBXFileReference; lastKnownFileType = sourcecode.swift; path = DairyFetching.swift; sourceTree = "<group>"; };
		046B1F802AF0330300F15EAB /* Meal.swift */ = {isa = PBXFileReference; lastKnownFileType = sourcecode.swift; path = Meal.swift; sourceTree = "<group>"; };
		0474A66C2AE5B10A0036FC9E /* AccountView.swift */ = {isa = PBXFileReference; lastKnownFileType = sourcecode.swift; path = AccountView.swift; sourceTree = "<group>"; };
		0474A66E2AE5B1130036FC9E /* AccountViewModel.swift */ = {isa = PBXFileReference; lastKnownFileType = sourcecode.swift; path = AccountViewModel.swift; sourceTree = "<group>"; };
		0474A6702AE5B1240036FC9E /* DiaryView.swift */ = {isa = PBXFileReference; lastKnownFileType = sourcecode.swift; path = DiaryView.swift; sourceTree = "<group>"; };
		0474A6722AE5B1300036FC9E /* DiaryViewModel.swift */ = {isa = PBXFileReference; lastKnownFileType = sourcecode.swift; path = DiaryViewModel.swift; sourceTree = "<group>"; };
		0474A6742AE5B13D0036FC9E /* ExerciseView.swift */ = {isa = PBXFileReference; lastKnownFileType = sourcecode.swift; path = ExerciseView.swift; sourceTree = "<group>"; };
		0474A6762AE5B14C0036FC9E /* ExerciseViewModel.swift */ = {isa = PBXFileReference; lastKnownFileType = sourcecode.swift; path = ExerciseViewModel.swift; sourceTree = "<group>"; };
		0474A6782AE5B1550036FC9E /* WeightView.swift */ = {isa = PBXFileReference; lastKnownFileType = sourcecode.swift; path = WeightView.swift; sourceTree = "<group>"; };
		0474A67A2AE5B1620036FC9E /* WeightViewModel.swift */ = {isa = PBXFileReference; lastKnownFileType = sourcecode.swift; path = WeightViewModel.swift; sourceTree = "<group>"; };
		049CD8892AE5BB9300812BAE /* SummaryView.swift */ = {isa = PBXFileReference; lastKnownFileType = sourcecode.swift; path = SummaryView.swift; sourceTree = "<group>"; };
		049CD88B2AE5BBB700812BAE /* SummaryViewModel.swift */ = {isa = PBXFileReference; lastKnownFileType = sourcecode.swift; path = SummaryViewModel.swift; sourceTree = "<group>"; };
		049CD88D2AE5BBEE00812BAE /* DatePickerView.swift */ = {isa = PBXFileReference; lastKnownFileType = sourcecode.swift; path = DatePickerView.swift; sourceTree = "<group>"; };
		049CD88F2AE5BC1400812BAE /* DatePickerViewModel.swift */ = {isa = PBXFileReference; lastKnownFileType = sourcecode.swift; path = DatePickerViewModel.swift; sourceTree = "<group>"; };
		049CD8912AE5BC3A00812BAE /* MealsView.swift */ = {isa = PBXFileReference; lastKnownFileType = sourcecode.swift; path = MealsView.swift; sourceTree = "<group>"; };
		049CD8932AE5BC5600812BAE /* MealsViewModel.swift */ = {isa = PBXFileReference; lastKnownFileType = sourcecode.swift; path = MealsViewModel.swift; sourceTree = "<group>"; };
		049CD8952AE5BC7900812BAE /* WaterView.swift */ = {isa = PBXFileReference; lastKnownFileType = sourcecode.swift; path = WaterView.swift; sourceTree = "<group>"; };
		049CD8972AE5BC8200812BAE /* WaterViewModel.swift */ = {isa = PBXFileReference; lastKnownFileType = sourcecode.swift; path = WaterViewModel.swift; sourceTree = "<group>"; };
		04BCDFC42AF96AE400346AD6 /* CircularProgressView.swift */ = {isa = PBXFileReference; lastKnownFileType = sourcecode.swift; path = CircularProgressView.swift; sourceTree = "<group>"; };
		04BCDFCB2B08140400346AD6 /* MealItemView.swift */ = {isa = PBXFileReference; lastKnownFileType = sourcecode.swift; path = MealItemView.swift; sourceTree = "<group>"; };
		04BCDFCD2B08140F00346AD6 /* MealItemViewModel.swift */ = {isa = PBXFileReference; lastKnownFileType = sourcecode.swift; path = MealItemViewModel.swift; sourceTree = "<group>"; };
		04BCDFCF2B082A0700346AD6 /* CardView.swift */ = {isa = PBXFileReference; lastKnownFileType = sourcecode.swift; path = CardView.swift; sourceTree = "<group>"; };
		04BCDFD22B0BE25D00346AD6 /* OnboardingView.swift */ = {isa = PBXFileReference; lastKnownFileType = sourcecode.swift; path = OnboardingView.swift; sourceTree = "<group>"; };
		04BCDFD42B0BE26800346AD6 /* OnboardingViewModel.swift */ = {isa = PBXFileReference; lastKnownFileType = sourcecode.swift; path = OnboardingViewModel.swift; sourceTree = "<group>"; };
		04BCDFD92B0BECD300346AD6 /* AppConfigurationManager.swift */ = {isa = PBXFileReference; lastKnownFileType = sourcecode.swift; path = AppConfigurationManager.swift; sourceTree = "<group>"; };
		04BCDFDD2B0BED4C00346AD6 /* AppConfigurationManagerTests.swift */ = {isa = PBXFileReference; lastKnownFileType = sourcecode.swift; path = AppConfigurationManagerTests.swift; sourceTree = "<group>"; };
		04BCDFDF2B0BED8D00346AD6 /* MockUserDefaults.swift */ = {isa = PBXFileReference; lastKnownFileType = sourcecode.swift; path = MockUserDefaults.swift; sourceTree = "<group>"; };
		04BCDFE12B0BF2CA00346AD6 /* DependencyContainer.swift */ = {isa = PBXFileReference; lastKnownFileType = sourcecode.swift; path = DependencyContainer.swift; sourceTree = "<group>"; };
		04BCDFE32B0BF48000346AD6 /* DependencyContainer.swift */ = {isa = PBXFileReference; lastKnownFileType = sourcecode.swift; path = DependencyContainer.swift; sourceTree = "<group>"; };
		04BCDFE52B0C344600346AD6 /* PeristanceManager.swift */ = {isa = PBXFileReference; lastKnownFileType = sourcecode.swift; path = PeristanceManager.swift; sourceTree = "<group>"; };
		04BCDFE82B0D6A0100346AD6 /* AppTabView.swift */ = {isa = PBXFileReference; lastKnownFileType = sourcecode.swift; path = AppTabView.swift; sourceTree = "<group>"; };
/* End PBXFileReference section */

/* Begin PBXFrameworksBuildPhase section */
		0404E20F2AE59C240013CF1F /* Frameworks */ = {
			isa = PBXFrameworksBuildPhase;
			buildActionMask = 2147483647;
			files = (
			);
			runOnlyForDeploymentPostprocessing = 0;
		};
		0404E2222AE59C250013CF1F /* Frameworks */ = {
			isa = PBXFrameworksBuildPhase;
			buildActionMask = 2147483647;
			files = (
			);
			runOnlyForDeploymentPostprocessing = 0;
		};
		0404E22C2AE59C250013CF1F /* Frameworks */ = {
			isa = PBXFrameworksBuildPhase;
			buildActionMask = 2147483647;
			files = (
			);
			runOnlyForDeploymentPostprocessing = 0;
		};
/* End PBXFrameworksBuildPhase section */

/* Begin PBXGroup section */
		0404E2092AE59C240013CF1F = {
			isa = PBXGroup;
			children = (
				0404E2142AE59C240013CF1F /* FitnessTracker */,
				0404E2282AE59C250013CF1F /* FitnessTrackerTests */,
				0404E2322AE59C250013CF1F /* FitnessTrackerUITests */,
				0404E2132AE59C240013CF1F /* Products */,
			);
			sourceTree = "<group>";
		};
		0404E2132AE59C240013CF1F /* Products */ = {
			isa = PBXGroup;
			children = (
				0404E2122AE59C240013CF1F /* FitnessTracker.app */,
				0404E2252AE59C250013CF1F /* FitnessTrackerTests.xctest */,
				0404E22F2AE59C250013CF1F /* FitnessTrackerUITests.xctest */,
			);
			name = Products;
			sourceTree = "<group>";
		};
		0404E2142AE59C240013CF1F /* FitnessTracker */ = {
			isa = PBXGroup;
			children = (
				04BCDFD82B0BECB100346AD6 /* Managers */,
				04BCDFD72B0BEC9400346AD6 /* UI */,
				04BCDFCA2B0813D100346AD6 /* Components */,
				0474A6672AE5AFE30036FC9E /* App */,
				0404E21E2AE59C250013CF1F /* Preview Content */,
			);
			path = FitnessTracker;
			sourceTree = "<group>";
		};
		0404E21E2AE59C250013CF1F /* Preview Content */ = {
			isa = PBXGroup;
			children = (
				0404E21F2AE59C250013CF1F /* Preview Assets.xcassets */,
			);
			path = "Preview Content";
			sourceTree = "<group>";
		};
		0404E2282AE59C250013CF1F /* FitnessTrackerTests */ = {
			isa = PBXGroup;
			children = (
				04BCDFDC2B0BED1500346AD6 /* Mocks */,
				04BCDFDB2B0BED1100346AD6 /* Tests */,
			);
			path = FitnessTrackerTests;
			sourceTree = "<group>";
		};
		0404E2322AE59C250013CF1F /* FitnessTrackerUITests */ = {
			isa = PBXGroup;
			children = (
				0404E2332AE59C250013CF1F /* FitnessTrackerUITests.swift */,
				0404E2352AE59C250013CF1F /* FitnessTrackerUITestsLaunchTests.swift */,
			);
			path = FitnessTrackerUITests;
			sourceTree = "<group>";
		};
		046B1F742AF0241200F15EAB /* UI */ = {
			isa = PBXGroup;
			children = (
				04BCDFC92B0813C100346AD6 /* Water */,
				04BCDFC82B0813B500346AD6 /* Meals */,
				04BCDFC72B0813A900346AD6 /* DatePicker */,
				04BCDFC62B08139A00346AD6 /* Summary */,
				0474A6702AE5B1240036FC9E /* DiaryView.swift */,
				0474A6722AE5B1300036FC9E /* DiaryViewModel.swift */,
			);
			path = UI;
			sourceTree = "<group>";
		};
		046B1F762AF0245E00F15EAB /* Data */ = {
			isa = PBXGroup;
			children = (
				046B1F7F2AF032F800F15EAB /* Enums */,
				046B1F7C2AF026C100F15EAB /* Repository */,
				046B1F772AF0246700F15EAB /* Models */,
			);
			path = Data;
			sourceTree = "<group>";
		};
		046B1F772AF0246700F15EAB /* Models */ = {
			isa = PBXGroup;
			children = (
				046B1F782AF024A900F15EAB /* DiaryEntry.swift */,
				046B1F7A2AF025ED00F15EAB /* FoodItem.swift */,
			);
			path = Models;
			sourceTree = "<group>";
		};
		046B1F7C2AF026C100F15EAB /* Repository */ = {
			isa = PBXGroup;
			children = (
				046B1F7D2AF026D800F15EAB /* DairyFetching.swift */,
			);
			path = Repository;
			sourceTree = "<group>";
		};
		046B1F7F2AF032F800F15EAB /* Enums */ = {
			isa = PBXGroup;
			children = (
				046B1F802AF0330300F15EAB /* Meal.swift */,
			);
			path = Enums;
			sourceTree = "<group>";
		};
		0474A6672AE5AFE30036FC9E /* App */ = {
			isa = PBXGroup;
			children = (
				0404E2152AE59C240013CF1F /* FitnessTrackerApp.swift */,
				0404E21B2AE59C250013CF1F /* Assets.xcassets */,
				0404E21D2AE59C250013CF1F /* FitnessTracker.entitlements */,
			);
			path = App;
			sourceTree = "<group>";
		};
		0474A6682AE5B09E0036FC9E /* Diary */ = {
			isa = PBXGroup;
			children = (
				046B1F762AF0245E00F15EAB /* Data */,
				046B1F742AF0241200F15EAB /* UI */,
			);
			path = Diary;
			sourceTree = "<group>";
		};
		0474A6692AE5B0A50036FC9E /* Exercise */ = {
			isa = PBXGroup;
			children = (
				0474A6742AE5B13D0036FC9E /* ExerciseView.swift */,
				0474A6762AE5B14C0036FC9E /* ExerciseViewModel.swift */,
			);
			path = Exercise;
			sourceTree = "<group>";
		};
		0474A66A2AE5B0B00036FC9E /* Weight */ = {
			isa = PBXGroup;
			children = (
				0474A6782AE5B1550036FC9E /* WeightView.swift */,
				0474A67A2AE5B1620036FC9E /* WeightViewModel.swift */,
			);
			path = Weight;
			sourceTree = "<group>";
		};
		0474A66B2AE5B0B80036FC9E /* Account */ = {
			isa = PBXGroup;
			children = (
				0474A66C2AE5B10A0036FC9E /* AccountView.swift */,
				0474A66E2AE5B1130036FC9E /* AccountViewModel.swift */,
			);
			path = Account;
			sourceTree = "<group>";
		};
		04BCDFC62B08139A00346AD6 /* Summary */ = {
			isa = PBXGroup;
			children = (
				049CD8892AE5BB9300812BAE /* SummaryView.swift */,
				049CD88B2AE5BBB700812BAE /* SummaryViewModel.swift */,
			);
			path = Summary;
			sourceTree = "<group>";
		};
		04BCDFC72B0813A900346AD6 /* DatePicker */ = {
			isa = PBXGroup;
			children = (
				049CD88D2AE5BBEE00812BAE /* DatePickerView.swift */,
				049CD88F2AE5BC1400812BAE /* DatePickerViewModel.swift */,
			);
			path = DatePicker;
			sourceTree = "<group>";
		};
		04BCDFC82B0813B500346AD6 /* Meals */ = {
			isa = PBXGroup;
			children = (
				049CD8912AE5BC3A00812BAE /* MealsView.swift */,
				049CD8932AE5BC5600812BAE /* MealsViewModel.swift */,
				04BCDFCB2B08140400346AD6 /* MealItemView.swift */,
				04BCDFCD2B08140F00346AD6 /* MealItemViewModel.swift */,
			);
			path = Meals;
			sourceTree = "<group>";
		};
		04BCDFC92B0813C100346AD6 /* Water */ = {
			isa = PBXGroup;
			children = (
				049CD8952AE5BC7900812BAE /* WaterView.swift */,
				049CD8972AE5BC8200812BAE /* WaterViewModel.swift */,
			);
			path = Water;
			sourceTree = "<group>";
		};
		04BCDFCA2B0813D100346AD6 /* Components */ = {
			isa = PBXGroup;
			children = (
				04BCDFC42AF96AE400346AD6 /* CircularProgressView.swift */,
				04BCDFCF2B082A0700346AD6 /* CardView.swift */,
			);
			path = Components;
			sourceTree = "<group>";
		};
		04BCDFD12B0BE24B00346AD6 /* Onboarding */ = {
			isa = PBXGroup;
			children = (
				04BCDFD22B0BE25D00346AD6 /* OnboardingView.swift */,
				04BCDFD42B0BE26800346AD6 /* OnboardingViewModel.swift */,
				0424CECA2B22591D00B9B03B /* WelcomeView.swift */,
				0424CECC2B2259A600B9B03B /* WelcomeViewModel.swift */,
			);
			path = Onboarding;
			sourceTree = "<group>";
		};
		04BCDFD62B0BEC5100346AD6 /* Managers */ = {
			isa = PBXGroup;
			children = (
				04BCDFDD2B0BED4C00346AD6 /* AppConfigurationManagerTests.swift */,
			);
			path = Managers;
			sourceTree = "<group>";
		};
		04BCDFD72B0BEC9400346AD6 /* UI */ = {
			isa = PBXGroup;
			children = (
				04BCDFE72B0D690C00346AD6 /* AppTab */,
				04BCDFD12B0BE24B00346AD6 /* Onboarding */,
				0474A66B2AE5B0B80036FC9E /* Account */,
				0474A6682AE5B09E0036FC9E /* Diary */,
				0474A6692AE5B0A50036FC9E /* Exercise */,
				0474A66A2AE5B0B00036FC9E /* Weight */,
			);
			path = UI;
			sourceTree = "<group>";
		};
		04BCDFD82B0BECB100346AD6 /* Managers */ = {
			isa = PBXGroup;
			children = (
				04BCDFD92B0BECD300346AD6 /* AppConfigurationManager.swift */,
				04BCDFE12B0BF2CA00346AD6 /* DependencyContainer.swift */,
				04BCDFE52B0C344600346AD6 /* PeristanceManager.swift */,
			);
			path = Managers;
			sourceTree = "<group>";
		};
		04BCDFDB2B0BED1100346AD6 /* Tests */ = {
			isa = PBXGroup;
			children = (
				04BCDFD62B0BEC5100346AD6 /* Managers */,
			);
			path = Tests;
			sourceTree = "<group>";
		};
		04BCDFDC2B0BED1500346AD6 /* Mocks */ = {
			isa = PBXGroup;
			children = (
				04BCDFDF2B0BED8D00346AD6 /* MockUserDefaults.swift */,
				04BCDFE32B0BF48000346AD6 /* DependencyContainer.swift */,
			);
			path = Mocks;
			sourceTree = "<group>";
		};
		04BCDFE72B0D690C00346AD6 /* AppTab */ = {
			isa = PBXGroup;
			children = (
				04BCDFE82B0D6A0100346AD6 /* AppTabView.swift */,
			);
			path = AppTab;
			sourceTree = "<group>";
		};
/* End PBXGroup section */

/* Begin PBXNativeTarget section */
		0404E2112AE59C240013CF1F /* FitnessTracker */ = {
			isa = PBXNativeTarget;
			buildConfigurationList = 0404E2392AE59C250013CF1F /* Build configuration list for PBXNativeTarget "FitnessTracker" */;
			buildPhases = (
				0404E20E2AE59C240013CF1F /* Sources */,
				0404E20F2AE59C240013CF1F /* Frameworks */,
				0404E2102AE59C240013CF1F /* Resources */,
			);
			buildRules = (
			);
			dependencies = (
			);
			name = FitnessTracker;
			productName = FitnessTracker;
			productReference = 0404E2122AE59C240013CF1F /* FitnessTracker.app */;
			productType = "com.apple.product-type.application";
		};
		0404E2242AE59C250013CF1F /* FitnessTrackerTests */ = {
			isa = PBXNativeTarget;
			buildConfigurationList = 0404E23C2AE59C250013CF1F /* Build configuration list for PBXNativeTarget "FitnessTrackerTests" */;
			buildPhases = (
				0404E2212AE59C250013CF1F /* Sources */,
				0404E2222AE59C250013CF1F /* Frameworks */,
				0404E2232AE59C250013CF1F /* Resources */,
			);
			buildRules = (
			);
			dependencies = (
				0404E2272AE59C250013CF1F /* PBXTargetDependency */,
			);
			name = FitnessTrackerTests;
			productName = FitnessTrackerTests;
			productReference = 0404E2252AE59C250013CF1F /* FitnessTrackerTests.xctest */;
			productType = "com.apple.product-type.bundle.unit-test";
		};
		0404E22E2AE59C250013CF1F /* FitnessTrackerUITests */ = {
			isa = PBXNativeTarget;
			buildConfigurationList = 0404E23F2AE59C250013CF1F /* Build configuration list for PBXNativeTarget "FitnessTrackerUITests" */;
			buildPhases = (
				0404E22B2AE59C250013CF1F /* Sources */,
				0404E22C2AE59C250013CF1F /* Frameworks */,
				0404E22D2AE59C250013CF1F /* Resources */,
			);
			buildRules = (
			);
			dependencies = (
				0404E2312AE59C250013CF1F /* PBXTargetDependency */,
			);
			name = FitnessTrackerUITests;
			productName = FitnessTrackerUITests;
			productReference = 0404E22F2AE59C250013CF1F /* FitnessTrackerUITests.xctest */;
			productType = "com.apple.product-type.bundle.ui-testing";
		};
/* End PBXNativeTarget section */

/* Begin PBXProject section */
		0404E20A2AE59C240013CF1F /* Project object */ = {
			isa = PBXProject;
			attributes = {
				BuildIndependentTargetsInParallel = 1;
				LastSwiftUpdateCheck = 1500;
				LastUpgradeCheck = 1500;
				TargetAttributes = {
					0404E2112AE59C240013CF1F = {
						CreatedOnToolsVersion = 15.0.1;
					};
					0404E2242AE59C250013CF1F = {
						CreatedOnToolsVersion = 15.0.1;
						LastSwiftMigration = 1500;
						TestTargetID = 0404E2112AE59C240013CF1F;
					};
					0404E22E2AE59C250013CF1F = {
						CreatedOnToolsVersion = 15.0.1;
						TestTargetID = 0404E2112AE59C240013CF1F;
					};
				};
			};
			buildConfigurationList = 0404E20D2AE59C240013CF1F /* Build configuration list for PBXProject "FitnessTracker" */;
			compatibilityVersion = "Xcode 14.0";
			developmentRegion = en;
			hasScannedForEncodings = 0;
			knownRegions = (
				en,
				Base,
			);
			mainGroup = 0404E2092AE59C240013CF1F;
			productRefGroup = 0404E2132AE59C240013CF1F /* Products */;
			projectDirPath = "";
			projectRoot = "";
			targets = (
				0404E2112AE59C240013CF1F /* FitnessTracker */,
				0404E2242AE59C250013CF1F /* FitnessTrackerTests */,
				0404E22E2AE59C250013CF1F /* FitnessTrackerUITests */,
			);
		};
/* End PBXProject section */

/* Begin PBXResourcesBuildPhase section */
		0404E2102AE59C240013CF1F /* Resources */ = {
			isa = PBXResourcesBuildPhase;
			buildActionMask = 2147483647;
			files = (
				0404E2202AE59C250013CF1F /* Preview Assets.xcassets in Resources */,
				0404E21C2AE59C250013CF1F /* Assets.xcassets in Resources */,
			);
			runOnlyForDeploymentPostprocessing = 0;
		};
		0404E2232AE59C250013CF1F /* Resources */ = {
			isa = PBXResourcesBuildPhase;
			buildActionMask = 2147483647;
			files = (
			);
			runOnlyForDeploymentPostprocessing = 0;
		};
		0404E22D2AE59C250013CF1F /* Resources */ = {
			isa = PBXResourcesBuildPhase;
			buildActionMask = 2147483647;
			files = (
			);
			runOnlyForDeploymentPostprocessing = 0;
		};
/* End PBXResourcesBuildPhase section */

/* Begin PBXSourcesBuildPhase section */
		0404E20E2AE59C240013CF1F /* Sources */ = {
			isa = PBXSourcesBuildPhase;
			buildActionMask = 2147483647;
			files = (
				04BCDFE22B0BF2CA00346AD6 /* DependencyContainer.swift in Sources */,
				049CD88C2AE5BBB700812BAE /* SummaryViewModel.swift in Sources */,
				049CD8982AE5BC8200812BAE /* WaterViewModel.swift in Sources */,
				0474A6752AE5B13D0036FC9E /* ExerciseView.swift in Sources */,
				046B1F7B2AF025ED00F15EAB /* FoodItem.swift in Sources */,
				04BCDFD52B0BE26800346AD6 /* OnboardingViewModel.swift in Sources */,
				04BCDFCE2B08140F00346AD6 /* MealItemViewModel.swift in Sources */,
				0474A66D2AE5B10A0036FC9E /* AccountView.swift in Sources */,
				0474A67B2AE5B1620036FC9E /* WeightViewModel.swift in Sources */,
				0474A66F2AE5B1130036FC9E /* AccountViewModel.swift in Sources */,
				0474A6712AE5B1240036FC9E /* DiaryView.swift in Sources */,
				04BCDFE92B0D6A0100346AD6 /* AppTabView.swift in Sources */,
				049CD88E2AE5BBEE00812BAE /* DatePickerView.swift in Sources */,
				0474A6732AE5B1300036FC9E /* DiaryViewModel.swift in Sources */,
				04BCDFDA2B0BECD300346AD6 /* AppConfigurationManager.swift in Sources */,
				04BCDFD32B0BE25D00346AD6 /* OnboardingView.swift in Sources */,
				04BCDFE62B0C344600346AD6 /* PeristanceManager.swift in Sources */,
				04BCDFC52AF96AE400346AD6 /* CircularProgressView.swift in Sources */,
				04BCDFCC2B08140400346AD6 /* MealItemView.swift in Sources */,
				0424CECB2B22591D00B9B03B /* WelcomeView.swift in Sources */,
				049CD8962AE5BC7900812BAE /* WaterView.swift in Sources */,
				04BCDFD02B082A0700346AD6 /* CardView.swift in Sources */,
				049CD8942AE5BC5600812BAE /* MealsViewModel.swift in Sources */,
				0474A6772AE5B14C0036FC9E /* ExerciseViewModel.swift in Sources */,
				049CD88A2AE5BB9300812BAE /* SummaryView.swift in Sources */,
				0474A6792AE5B1550036FC9E /* WeightView.swift in Sources */,
				046B1F7E2AF026D800F15EAB /* DairyFetching.swift in Sources */,
				046B1F812AF0330300F15EAB /* Meal.swift in Sources */,
				0424CECD2B2259A600B9B03B /* WelcomeViewModel.swift in Sources */,
				049CD8922AE5BC3A00812BAE /* MealsView.swift in Sources */,
				049CD8902AE5BC1400812BAE /* DatePickerViewModel.swift in Sources */,
				046B1F792AF024A900F15EAB /* DiaryEntry.swift in Sources */,
				0404E2162AE59C240013CF1F /* FitnessTrackerApp.swift in Sources */,
			);
			runOnlyForDeploymentPostprocessing = 0;
		};
		0404E2212AE59C250013CF1F /* Sources */ = {
			isa = PBXSourcesBuildPhase;
			buildActionMask = 2147483647;
			files = (
				04BCDFE02B0BED8D00346AD6 /* MockUserDefaults.swift in Sources */,
				04BCDFE42B0BF48000346AD6 /* DependencyContainer.swift in Sources */,
				04BCDFDE2B0BED4C00346AD6 /* AppConfigurationManagerTests.swift in Sources */,
			);
			runOnlyForDeploymentPostprocessing = 0;
		};
		0404E22B2AE59C250013CF1F /* Sources */ = {
			isa = PBXSourcesBuildPhase;
			buildActionMask = 2147483647;
			files = (
				0404E2362AE59C250013CF1F /* FitnessTrackerUITestsLaunchTests.swift in Sources */,
				0404E2342AE59C250013CF1F /* FitnessTrackerUITests.swift in Sources */,
			);
			runOnlyForDeploymentPostprocessing = 0;
		};
/* End PBXSourcesBuildPhase section */

/* Begin PBXTargetDependency section */
		0404E2272AE59C250013CF1F /* PBXTargetDependency */ = {
			isa = PBXTargetDependency;
			target = 0404E2112AE59C240013CF1F /* FitnessTracker */;
			targetProxy = 0404E2262AE59C250013CF1F /* PBXContainerItemProxy */;
		};
		0404E2312AE59C250013CF1F /* PBXTargetDependency */ = {
			isa = PBXTargetDependency;
			target = 0404E2112AE59C240013CF1F /* FitnessTracker */;
			targetProxy = 0404E2302AE59C250013CF1F /* PBXContainerItemProxy */;
		};
/* End PBXTargetDependency section */

/* Begin XCBuildConfiguration section */
		0404E2372AE59C250013CF1F /* Debug */ = {
			isa = XCBuildConfiguration;
			buildSettings = {
				ALWAYS_SEARCH_USER_PATHS = NO;
				ASSETCATALOG_COMPILER_GENERATE_SWIFT_ASSET_SYMBOL_EXTENSIONS = YES;
				CLANG_ANALYZER_NONNULL = YES;
				CLANG_ANALYZER_NUMBER_OBJECT_CONVERSION = YES_AGGRESSIVE;
				CLANG_CXX_LANGUAGE_STANDARD = "gnu++20";
				CLANG_ENABLE_MODULES = YES;
				CLANG_ENABLE_OBJC_ARC = YES;
				CLANG_ENABLE_OBJC_WEAK = YES;
				CLANG_WARN_BLOCK_CAPTURE_AUTORELEASING = YES;
				CLANG_WARN_BOOL_CONVERSION = YES;
				CLANG_WARN_COMMA = YES;
				CLANG_WARN_CONSTANT_CONVERSION = YES;
				CLANG_WARN_DEPRECATED_OBJC_IMPLEMENTATIONS = YES;
				CLANG_WARN_DIRECT_OBJC_ISA_USAGE = YES_ERROR;
				CLANG_WARN_DOCUMENTATION_COMMENTS = YES;
				CLANG_WARN_EMPTY_BODY = YES;
				CLANG_WARN_ENUM_CONVERSION = YES;
				CLANG_WARN_INFINITE_RECURSION = YES;
				CLANG_WARN_INT_CONVERSION = YES;
				CLANG_WARN_NON_LITERAL_NULL_CONVERSION = YES;
				CLANG_WARN_OBJC_IMPLICIT_RETAIN_SELF = YES;
				CLANG_WARN_OBJC_LITERAL_CONVERSION = YES;
				CLANG_WARN_OBJC_ROOT_CLASS = YES_ERROR;
				CLANG_WARN_QUOTED_INCLUDE_IN_FRAMEWORK_HEADER = YES;
				CLANG_WARN_RANGE_LOOP_ANALYSIS = YES;
				CLANG_WARN_STRICT_PROTOTYPES = YES;
				CLANG_WARN_SUSPICIOUS_MOVE = YES;
				CLANG_WARN_UNGUARDED_AVAILABILITY = YES_AGGRESSIVE;
				CLANG_WARN_UNREACHABLE_CODE = YES;
				CLANG_WARN__DUPLICATE_METHOD_MATCH = YES;
				COPY_PHASE_STRIP = NO;
				DEBUG_INFORMATION_FORMAT = dwarf;
				ENABLE_STRICT_OBJC_MSGSEND = YES;
				ENABLE_TESTABILITY = YES;
				ENABLE_USER_SCRIPT_SANDBOXING = YES;
				GCC_C_LANGUAGE_STANDARD = gnu17;
				GCC_DYNAMIC_NO_PIC = NO;
				GCC_NO_COMMON_BLOCKS = YES;
				GCC_OPTIMIZATION_LEVEL = 0;
				GCC_PREPROCESSOR_DEFINITIONS = (
					"DEBUG=1",
					"$(inherited)",
				);
				GCC_WARN_64_TO_32_BIT_CONVERSION = YES;
				GCC_WARN_ABOUT_RETURN_TYPE = YES_ERROR;
				GCC_WARN_UNDECLARED_SELECTOR = YES;
				GCC_WARN_UNINITIALIZED_AUTOS = YES_AGGRESSIVE;
				GCC_WARN_UNUSED_FUNCTION = YES;
				GCC_WARN_UNUSED_VARIABLE = YES;
				LOCALIZATION_PREFERS_STRING_CATALOGS = YES;
				MTL_ENABLE_DEBUG_INFO = INCLUDE_SOURCE;
				MTL_FAST_MATH = YES;
				ONLY_ACTIVE_ARCH = YES;
				SWIFT_ACTIVE_COMPILATION_CONDITIONS = "DEBUG $(inherited)";
				SWIFT_OPTIMIZATION_LEVEL = "-Onone";
			};
			name = Debug;
		};
		0404E2382AE59C250013CF1F /* Release */ = {
			isa = XCBuildConfiguration;
			buildSettings = {
				ALWAYS_SEARCH_USER_PATHS = NO;
				ASSETCATALOG_COMPILER_GENERATE_SWIFT_ASSET_SYMBOL_EXTENSIONS = YES;
				CLANG_ANALYZER_NONNULL = YES;
				CLANG_ANALYZER_NUMBER_OBJECT_CONVERSION = YES_AGGRESSIVE;
				CLANG_CXX_LANGUAGE_STANDARD = "gnu++20";
				CLANG_ENABLE_MODULES = YES;
				CLANG_ENABLE_OBJC_ARC = YES;
				CLANG_ENABLE_OBJC_WEAK = YES;
				CLANG_WARN_BLOCK_CAPTURE_AUTORELEASING = YES;
				CLANG_WARN_BOOL_CONVERSION = YES;
				CLANG_WARN_COMMA = YES;
				CLANG_WARN_CONSTANT_CONVERSION = YES;
				CLANG_WARN_DEPRECATED_OBJC_IMPLEMENTATIONS = YES;
				CLANG_WARN_DIRECT_OBJC_ISA_USAGE = YES_ERROR;
				CLANG_WARN_DOCUMENTATION_COMMENTS = YES;
				CLANG_WARN_EMPTY_BODY = YES;
				CLANG_WARN_ENUM_CONVERSION = YES;
				CLANG_WARN_INFINITE_RECURSION = YES;
				CLANG_WARN_INT_CONVERSION = YES;
				CLANG_WARN_NON_LITERAL_NULL_CONVERSION = YES;
				CLANG_WARN_OBJC_IMPLICIT_RETAIN_SELF = YES;
				CLANG_WARN_OBJC_LITERAL_CONVERSION = YES;
				CLANG_WARN_OBJC_ROOT_CLASS = YES_ERROR;
				CLANG_WARN_QUOTED_INCLUDE_IN_FRAMEWORK_HEADER = YES;
				CLANG_WARN_RANGE_LOOP_ANALYSIS = YES;
				CLANG_WARN_STRICT_PROTOTYPES = YES;
				CLANG_WARN_SUSPICIOUS_MOVE = YES;
				CLANG_WARN_UNGUARDED_AVAILABILITY = YES_AGGRESSIVE;
				CLANG_WARN_UNREACHABLE_CODE = YES;
				CLANG_WARN__DUPLICATE_METHOD_MATCH = YES;
				COPY_PHASE_STRIP = NO;
				DEBUG_INFORMATION_FORMAT = "dwarf-with-dsym";
				ENABLE_NS_ASSERTIONS = NO;
				ENABLE_STRICT_OBJC_MSGSEND = YES;
				ENABLE_USER_SCRIPT_SANDBOXING = YES;
				GCC_C_LANGUAGE_STANDARD = gnu17;
				GCC_NO_COMMON_BLOCKS = YES;
				GCC_WARN_64_TO_32_BIT_CONVERSION = YES;
				GCC_WARN_ABOUT_RETURN_TYPE = YES_ERROR;
				GCC_WARN_UNDECLARED_SELECTOR = YES;
				GCC_WARN_UNINITIALIZED_AUTOS = YES_AGGRESSIVE;
				GCC_WARN_UNUSED_FUNCTION = YES;
				GCC_WARN_UNUSED_VARIABLE = YES;
				LOCALIZATION_PREFERS_STRING_CATALOGS = YES;
				MTL_ENABLE_DEBUG_INFO = NO;
				MTL_FAST_MATH = YES;
				SWIFT_COMPILATION_MODE = wholemodule;
			};
			name = Release;
		};
		0404E23A2AE59C250013CF1F /* Debug */ = {
			isa = XCBuildConfiguration;
			buildSettings = {
				ASSETCATALOG_COMPILER_APPICON_NAME = AppIcon;
				ASSETCATALOG_COMPILER_GLOBAL_ACCENT_COLOR_NAME = AccentColor;
				CODE_SIGN_ENTITLEMENTS = FitnessTracker/App/FitnessTracker.entitlements;
				CODE_SIGN_STYLE = Automatic;
				CURRENT_PROJECT_VERSION = 1;
				DEVELOPMENT_ASSET_PATHS = "\"FitnessTracker/Preview Content\"";
				DEVELOPMENT_TEAM = 4N87CRMB5W;
				ENABLE_HARDENED_RUNTIME = YES;
				ENABLE_PREVIEWS = YES;
				GENERATE_INFOPLIST_FILE = YES;
				"INFOPLIST_KEY_UIApplicationSceneManifest_Generation[sdk=iphoneos*]" = YES;
				"INFOPLIST_KEY_UIApplicationSceneManifest_Generation[sdk=iphonesimulator*]" = YES;
				"INFOPLIST_KEY_UIApplicationSupportsIndirectInputEvents[sdk=iphoneos*]" = YES;
				"INFOPLIST_KEY_UIApplicationSupportsIndirectInputEvents[sdk=iphonesimulator*]" = YES;
				"INFOPLIST_KEY_UILaunchScreen_Generation[sdk=iphoneos*]" = YES;
				"INFOPLIST_KEY_UILaunchScreen_Generation[sdk=iphonesimulator*]" = YES;
				"INFOPLIST_KEY_UIStatusBarStyle[sdk=iphoneos*]" = UIStatusBarStyleDefault;
				"INFOPLIST_KEY_UIStatusBarStyle[sdk=iphonesimulator*]" = UIStatusBarStyleDefault;
				INFOPLIST_KEY_UISupportedInterfaceOrientations_iPad = "UIInterfaceOrientationPortrait UIInterfaceOrientationPortraitUpsideDown UIInterfaceOrientationLandscapeLeft UIInterfaceOrientationLandscapeRight";
				INFOPLIST_KEY_UISupportedInterfaceOrientations_iPhone = "UIInterfaceOrientationPortrait UIInterfaceOrientationLandscapeLeft UIInterfaceOrientationLandscapeRight";
				IPHONEOS_DEPLOYMENT_TARGET = 17.0;
				LD_RUNPATH_SEARCH_PATHS = "@executable_path/Frameworks";
				"LD_RUNPATH_SEARCH_PATHS[sdk=macosx*]" = "@executable_path/../Frameworks";
				MACOSX_DEPLOYMENT_TARGET = 14.0;
				MARKETING_VERSION = 1.0;
				PRODUCT_BUNDLE_IDENTIFIER = com.approvedbug.FitnessTracker;
				PRODUCT_NAME = "$(TARGET_NAME)";
				SDKROOT = auto;
				SUPPORTED_PLATFORMS = "iphoneos iphonesimulator macosx";
				SWIFT_EMIT_LOC_STRINGS = YES;
				SWIFT_VERSION = 5.0;
				TARGETED_DEVICE_FAMILY = "1,2";
			};
			name = Debug;
		};
		0404E23B2AE59C250013CF1F /* Release */ = {
			isa = XCBuildConfiguration;
			buildSettings = {
				ASSETCATALOG_COMPILER_APPICON_NAME = AppIcon;
				ASSETCATALOG_COMPILER_GLOBAL_ACCENT_COLOR_NAME = AccentColor;
				CODE_SIGN_ENTITLEMENTS = FitnessTracker/App/FitnessTracker.entitlements;
				CODE_SIGN_STYLE = Automatic;
				CURRENT_PROJECT_VERSION = 1;
				DEVELOPMENT_ASSET_PATHS = "\"FitnessTracker/Preview Content\"";
				DEVELOPMENT_TEAM = 4N87CRMB5W;
				ENABLE_HARDENED_RUNTIME = YES;
				ENABLE_PREVIEWS = YES;
				GENERATE_INFOPLIST_FILE = YES;
				"INFOPLIST_KEY_UIApplicationSceneManifest_Generation[sdk=iphoneos*]" = YES;
				"INFOPLIST_KEY_UIApplicationSceneManifest_Generation[sdk=iphonesimulator*]" = YES;
				"INFOPLIST_KEY_UIApplicationSupportsIndirectInputEvents[sdk=iphoneos*]" = YES;
				"INFOPLIST_KEY_UIApplicationSupportsIndirectInputEvents[sdk=iphonesimulator*]" = YES;
				"INFOPLIST_KEY_UILaunchScreen_Generation[sdk=iphoneos*]" = YES;
				"INFOPLIST_KEY_UILaunchScreen_Generation[sdk=iphonesimulator*]" = YES;
				"INFOPLIST_KEY_UIStatusBarStyle[sdk=iphoneos*]" = UIStatusBarStyleDefault;
				"INFOPLIST_KEY_UIStatusBarStyle[sdk=iphonesimulator*]" = UIStatusBarStyleDefault;
				INFOPLIST_KEY_UISupportedInterfaceOrientations_iPad = "UIInterfaceOrientationPortrait UIInterfaceOrientationPortraitUpsideDown UIInterfaceOrientationLandscapeLeft UIInterfaceOrientationLandscapeRight";
				INFOPLIST_KEY_UISupportedInterfaceOrientations_iPhone = "UIInterfaceOrientationPortrait UIInterfaceOrientationLandscapeLeft UIInterfaceOrientationLandscapeRight";
				IPHONEOS_DEPLOYMENT_TARGET = 17.0;
				LD_RUNPATH_SEARCH_PATHS = "@executable_path/Frameworks";
				"LD_RUNPATH_SEARCH_PATHS[sdk=macosx*]" = "@executable_path/../Frameworks";
				MACOSX_DEPLOYMENT_TARGET = 14.0;
				MARKETING_VERSION = 1.0;
				PRODUCT_BUNDLE_IDENTIFIER = com.approvedbug.FitnessTracker;
				PRODUCT_NAME = "$(TARGET_NAME)";
				SDKROOT = auto;
				SUPPORTED_PLATFORMS = "iphoneos iphonesimulator macosx";
				SWIFT_EMIT_LOC_STRINGS = YES;
				SWIFT_VERSION = 5.0;
				TARGETED_DEVICE_FAMILY = "1,2";
			};
			name = Release;
		};
		0404E23D2AE59C250013CF1F /* Debug */ = {
			isa = XCBuildConfiguration;
			buildSettings = {
				ALWAYS_EMBED_SWIFT_STANDARD_LIBRARIES = YES;
				BUNDLE_LOADER = "$(TEST_HOST)";
				CLANG_ENABLE_MODULES = YES;
				CODE_SIGN_STYLE = Automatic;
				CURRENT_PROJECT_VERSION = 1;
				DEVELOPMENT_TEAM = 4N87CRMB5W;
				GENERATE_INFOPLIST_FILE = YES;
				IPHONEOS_DEPLOYMENT_TARGET = 17.0;
				MACOSX_DEPLOYMENT_TARGET = 14.0;
				MARKETING_VERSION = 1.0;
				PRODUCT_BUNDLE_IDENTIFIER = com.approvedbug.FitnessTrackerTests;
				PRODUCT_NAME = "$(TARGET_NAME)";
				SDKROOT = auto;
				SUPPORTED_PLATFORMS = "iphoneos iphonesimulator macosx";
				SWIFT_EMIT_LOC_STRINGS = NO;
				SWIFT_OPTIMIZATION_LEVEL = "-Onone";
				SWIFT_VERSION = 5.0;
				TARGETED_DEVICE_FAMILY = "1,2";
				TEST_HOST = "$(BUILT_PRODUCTS_DIR)/FitnessTracker.app/$(BUNDLE_EXECUTABLE_FOLDER_PATH)/FitnessTracker";
			};
			name = Debug;
		};
		0404E23E2AE59C250013CF1F /* Release */ = {
			isa = XCBuildConfiguration;
			buildSettings = {
				ALWAYS_EMBED_SWIFT_STANDARD_LIBRARIES = YES;
				BUNDLE_LOADER = "$(TEST_HOST)";
				CLANG_ENABLE_MODULES = YES;
				CODE_SIGN_STYLE = Automatic;
				CURRENT_PROJECT_VERSION = 1;
				DEVELOPMENT_TEAM = 4N87CRMB5W;
				GENERATE_INFOPLIST_FILE = YES;
				IPHONEOS_DEPLOYMENT_TARGET = 17.0;
				MACOSX_DEPLOYMENT_TARGET = 14.0;
				MARKETING_VERSION = 1.0;
				PRODUCT_BUNDLE_IDENTIFIER = com.approvedbug.FitnessTrackerTests;
				PRODUCT_NAME = "$(TARGET_NAME)";
				SDKROOT = auto;
				SUPPORTED_PLATFORMS = "iphoneos iphonesimulator macosx";
				SWIFT_EMIT_LOC_STRINGS = NO;
				SWIFT_VERSION = 5.0;
				TARGETED_DEVICE_FAMILY = "1,2";
				TEST_HOST = "$(BUILT_PRODUCTS_DIR)/FitnessTracker.app/$(BUNDLE_EXECUTABLE_FOLDER_PATH)/FitnessTracker";
			};
			name = Release;
		};
		0404E2402AE59C250013CF1F /* Debug */ = {
			isa = XCBuildConfiguration;
			buildSettings = {
				ALWAYS_EMBED_SWIFT_STANDARD_LIBRARIES = YES;
				CODE_SIGN_STYLE = Automatic;
				CURRENT_PROJECT_VERSION = 1;
				DEVELOPMENT_TEAM = 4N87CRMB5W;
				GENERATE_INFOPLIST_FILE = YES;
				IPHONEOS_DEPLOYMENT_TARGET = 17.0;
				MACOSX_DEPLOYMENT_TARGET = 14.0;
				MARKETING_VERSION = 1.0;
				PRODUCT_BUNDLE_IDENTIFIER = com.approvedbug.FitnessTrackerUITests;
				PRODUCT_NAME = "$(TARGET_NAME)";
				SDKROOT = auto;
				SUPPORTED_PLATFORMS = "iphoneos iphonesimulator macosx";
				SWIFT_EMIT_LOC_STRINGS = NO;
				SWIFT_VERSION = 5.0;
				TARGETED_DEVICE_FAMILY = "1,2";
				TEST_TARGET_NAME = FitnessTracker;
			};
			name = Debug;
		};
		0404E2412AE59C250013CF1F /* Release */ = {
			isa = XCBuildConfiguration;
			buildSettings = {
				ALWAYS_EMBED_SWIFT_STANDARD_LIBRARIES = YES;
				CODE_SIGN_STYLE = Automatic;
				CURRENT_PROJECT_VERSION = 1;
				DEVELOPMENT_TEAM = 4N87CRMB5W;
				GENERATE_INFOPLIST_FILE = YES;
				IPHONEOS_DEPLOYMENT_TARGET = 17.0;
				MACOSX_DEPLOYMENT_TARGET = 14.0;
				MARKETING_VERSION = 1.0;
				PRODUCT_BUNDLE_IDENTIFIER = com.approvedbug.FitnessTrackerUITests;
				PRODUCT_NAME = "$(TARGET_NAME)";
				SDKROOT = auto;
				SUPPORTED_PLATFORMS = "iphoneos iphonesimulator macosx";
				SWIFT_EMIT_LOC_STRINGS = NO;
				SWIFT_VERSION = 5.0;
				TARGETED_DEVICE_FAMILY = "1,2";
				TEST_TARGET_NAME = FitnessTracker;
			};
			name = Release;
		};
/* End XCBuildConfiguration section */

/* Begin XCConfigurationList section */
		0404E20D2AE59C240013CF1F /* Build configuration list for PBXProject "FitnessTracker" */ = {
			isa = XCConfigurationList;
			buildConfigurations = (
				0404E2372AE59C250013CF1F /* Debug */,
				0404E2382AE59C250013CF1F /* Release */,
			);
			defaultConfigurationIsVisible = 0;
			defaultConfigurationName = Release;
		};
		0404E2392AE59C250013CF1F /* Build configuration list for PBXNativeTarget "FitnessTracker" */ = {
			isa = XCConfigurationList;
			buildConfigurations = (
				0404E23A2AE59C250013CF1F /* Debug */,
				0404E23B2AE59C250013CF1F /* Release */,
			);
			defaultConfigurationIsVisible = 0;
			defaultConfigurationName = Release;
		};
		0404E23C2AE59C250013CF1F /* Build configuration list for PBXNativeTarget "FitnessTrackerTests" */ = {
			isa = XCConfigurationList;
			buildConfigurations = (
				0404E23D2AE59C250013CF1F /* Debug */,
				0404E23E2AE59C250013CF1F /* Release */,
			);
			defaultConfigurationIsVisible = 0;
			defaultConfigurationName = Release;
		};
		0404E23F2AE59C250013CF1F /* Build configuration list for PBXNativeTarget "FitnessTrackerUITests" */ = {
			isa = XCConfigurationList;
			buildConfigurations = (
				0404E2402AE59C250013CF1F /* Debug */,
				0404E2412AE59C250013CF1F /* Release */,
			);
			defaultConfigurationIsVisible = 0;
			defaultConfigurationName = Release;
		};
/* End XCConfigurationList section */
	};
	rootObject = 0404E20A2AE59C240013CF1F /* Project object */;
}
